
Microsoft Visual Studio Solution File, Format Version 12.00
# Visual Studio Version 16
VisualStudioVersion = 16.0.30413.136
MinimumVisualStudioVersion = 10.0.40219.1
Project("{FAE04EC0-301F-11D3-BF4B-00C04F79EFBC}") = "ffc-backend", "ffc-backend\ffc-backend.csproj", "{1C5061D3-B48E-4CB1-805D-A0758FC88E71}"
EndProject
Global
	GlobalSection(SolutionConfigurationPlatforms) = preSolution
		Debug|Any CPU = Debug|Any CPU
		Release|Any CPU = Release|Any CPU
	EndGlobalSection
	GlobalSection(ProjectConfigurationPlatforms) = postSolution
		{1C5061D3-B48E-4CB1-805D-A0758FC88E71}.Debug|Any CPU.ActiveCfg = Debug|Any CPU
		{1C5061D3-B48E-4CB1-805D-A0758FC88E71}.Debug|Any CPU.Build.0 = Debug|Any CPU
		{1C5061D3-B48E-4CB1-805D-A0758FC88E71}.Release|Any CPU.ActiveCfg = Release|Any CPU
		{1C5061D3-B48E-4CB1-805D-A0758FC88E71}.Release|Any CPU.Build.0 = Release|Any CPU
	EndGlobalSection
	GlobalSection(SolutionProperties) = preSolution
		HideSolutionNode = FALSE
	EndGlobalSection
	GlobalSection(ExtensibilityGlobals) = postSolution
		SolutionGuid = {EDD7F011-395F-4A52-AD3A-BCC8CB079E1F}
	EndGlobalSection
EndGlobal
